// !$*UTF8*$!
{
	archiveVersion = 1;
	classes = {
	};
	objectVersion = 50;
	objects = {

/* Begin PBXBuildFile section */
		ECED9EC223FD8A1A001F7D36 /* LeagueVC.swift in Sources */ = {isa = PBXBuildFile; fileRef = ECED9EC123FD8A1A001F7D36 /* LeagueVC.swift */; };
		ECED9EC423FD8A25001F7D36 /* SkillVC.swift in Sources */ = {isa = PBXBuildFile; fileRef = ECED9EC323FD8A25001F7D36 /* SkillVC.swift */; };
		ECED9EC623FD95BD001F7D36 /* Player.swift in Sources */ = {isa = PBXBuildFile; fileRef = ECED9EC523FD95BD001F7D36 /* Player.swift */; };
		ECF8BA7123F4584800A2CBCF /* AppDelegate.swift in Sources */ = {isa = PBXBuildFile; fileRef = ECF8BA7023F4584800A2CBCF /* AppDelegate.swift */; };
		ECF8BA7323F4584800A2CBCF /* SceneDelegate.swift in Sources */ = {isa = PBXBuildFile; fileRef = ECF8BA7223F4584800A2CBCF /* SceneDelegate.swift */; };
		ECF8BA7523F4584800A2CBCF /* WelcomeVC.swift in Sources */ = {isa = PBXBuildFile; fileRef = ECF8BA7423F4584800A2CBCF /* WelcomeVC.swift */; };
		ECF8BA7823F4584800A2CBCF /* Main.storyboard in Resources */ = {isa = PBXBuildFile; fileRef = ECF8BA7623F4584800A2CBCF /* Main.storyboard */; };
		ECF8BA7A23F4584A00A2CBCF /* Assets.xcassets in Resources */ = {isa = PBXBuildFile; fileRef = ECF8BA7923F4584A00A2CBCF /* Assets.xcassets */; };
		ECF8BA7D23F4584A00A2CBCF /* LaunchScreen.storyboard in Resources */ = {isa = PBXBuildFile; fileRef = ECF8BA7B23F4584A00A2CBCF /* LaunchScreen.storyboard */; };
		ECF8BA8823F4584A00A2CBCF /* app_swooshTests.swift in Sources */ = {isa = PBXBuildFile; fileRef = ECF8BA8723F4584A00A2CBCF /* app_swooshTests.swift */; };
		ECF8BA9323F4584A00A2CBCF /* app_swooshUITests.swift in Sources */ = {isa = PBXBuildFile; fileRef = ECF8BA9223F4584A00A2CBCF /* app_swooshUITests.swift */; };
		ECF8BAA223F5514700A2CBCF /* BorderButton.swift in Sources */ = {isa = PBXBuildFile; fileRef = ECF8BAA123F5514700A2CBCF /* BorderButton.swift */; };
/* End PBXBuildFile section */

/* Begin PBXContainerItemProxy section */
		ECF8BA8423F4584A00A2CBCF /* PBXContainerItemProxy */ = {
			isa = PBXContainerItemProxy;
			containerPortal = ECF8BA6523F4584800A2CBCF /* Project object */;
			proxyType = 1;
			remoteGlobalIDString = ECF8BA6C23F4584800A2CBCF;
			remoteInfo = "app-swoosh";
		};
		ECF8BA8F23F4584A00A2CBCF /* PBXContainerItemProxy */ = {
			isa = PBXContainerItemProxy;
			containerPortal = ECF8BA6523F4584800A2CBCF /* Project object */;
			proxyType = 1;
			remoteGlobalIDString = ECF8BA6C23F4584800A2CBCF;
			remoteInfo = "app-swoosh";
		};
/* End PBXContainerItemProxy section */

/* Begin PBXFileReference section */
		ECED9EC123FD8A1A001F7D36 /* LeagueVC.swift */ = {isa = PBXFileReference; lastKnownFileType = sourcecode.swift; path = LeagueVC.swift; sourceTree = "<group>"; };
		ECED9EC323FD8A25001F7D36 /* SkillVC.swift */ = {isa = PBXFileReference; lastKnownFileType = sourcecode.swift; path = SkillVC.swift; sourceTree = "<group>"; };
		ECED9EC523FD95BD001F7D36 /* Player.swift */ = {isa = PBXFileReference; lastKnownFileType = sourcecode.swift; path = Player.swift; sourceTree = "<group>"; };
		ECF8BA6D23F4584800A2CBCF /* app-swoosh.app */ = {isa = PBXFileReference; explicitFileType = wrapper.application; includeInIndex = 0; path = "app-swoosh.app"; sourceTree = BUILT_PRODUCTS_DIR; };
		ECF8BA7023F4584800A2CBCF /* AppDelegate.swift */ = {isa = PBXFileReference; lastKnownFileType = sourcecode.swift; path = AppDelegate.swift; sourceTree = "<group>"; };
		ECF8BA7223F4584800A2CBCF /* SceneDelegate.swift */ = {isa = PBXFileReference; lastKnownFileType = sourcecode.swift; path = SceneDelegate.swift; sourceTree = "<group>"; };
		ECF8BA7423F4584800A2CBCF /* WelcomeVC.swift */ = {isa = PBXFileReference; lastKnownFileType = sourcecode.swift; path = WelcomeVC.swift; sourceTree = "<group>"; };
		ECF8BA7723F4584800A2CBCF /* Base */ = {isa = PBXFileReference; lastKnownFileType = file.storyboard; name = Base; path = Base.lproj/Main.storyboard; sourceTree = "<group>"; };
		ECF8BA7923F4584A00A2CBCF /* Assets.xcassets */ = {isa = PBXFileReference; lastKnownFileType = folder.assetcatalog; path = Assets.xcassets; sourceTree = "<group>"; };
		ECF8BA7C23F4584A00A2CBCF /* Base */ = {isa = PBXFileReference; lastKnownFileType = file.storyboard; name = Base; path = Base.lproj/LaunchScreen.storyboard; sourceTree = "<group>"; };
		ECF8BA7E23F4584A00A2CBCF /* Info.plist */ = {isa = PBXFileReference; lastKnownFileType = text.plist.xml; path = Info.plist; sourceTree = "<group>"; };
		ECF8BA8323F4584A00A2CBCF /* app-swooshTests.xctest */ = {isa = PBXFileReference; explicitFileType = wrapper.cfbundle; includeInIndex = 0; path = "app-swooshTests.xctest"; sourceTree = BUILT_PRODUCTS_DIR; };
		ECF8BA8723F4584A00A2CBCF /* app_swooshTests.swift */ = {isa = PBXFileReference; lastKnownFileType = sourcecode.swift; path = app_swooshTests.swift; sourceTree = "<group>"; };
		ECF8BA8923F4584A00A2CBCF /* Info.plist */ = {isa = PBXFileReference; lastKnownFileType = text.plist.xml; path = Info.plist; sourceTree = "<group>"; };
		ECF8BA8E23F4584A00A2CBCF /* app-swooshUITests.xctest */ = {isa = PBXFileReference; explicitFileType = wrapper.cfbundle; includeInIndex = 0; path = "app-swooshUITests.xctest"; sourceTree = BUILT_PRODUCTS_DIR; };
		ECF8BA9223F4584A00A2CBCF /* app_swooshUITests.swift */ = {isa = PBXFileReference; lastKnownFileType = sourcecode.swift; path = app_swooshUITests.swift; sourceTree = "<group>"; };
		ECF8BA9423F4584A00A2CBCF /* Info.plist */ = {isa = PBXFileReference; lastKnownFileType = text.plist.xml; path = Info.plist; sourceTree = "<group>"; };
		ECF8BAA123F5514700A2CBCF /* BorderButton.swift */ = {isa = PBXFileReference; lastKnownFileType = sourcecode.swift; path = BorderButton.swift; sourceTree = "<group>"; };
/* End PBXFileReference section */

/* Begin PBXFrameworksBuildPhase section */
		ECF8BA6A23F4584800A2CBCF /* Frameworks */ = {
			isa = PBXFrameworksBuildPhase;
			buildActionMask = 2147483647;
			files = (
			);
			runOnlyForDeploymentPostprocessing = 0;
		};
		ECF8BA8023F4584A00A2CBCF /* Frameworks */ = {
			isa = PBXFrameworksBuildPhase;
			buildActionMask = 2147483647;
			files = (
			);
			runOnlyForDeploymentPostprocessing = 0;
		};
		ECF8BA8B23F4584A00A2CBCF /* Frameworks */ = {
			isa = PBXFrameworksBuildPhase;
			buildActionMask = 2147483647;
			files = (
			);
			runOnlyForDeploymentPostprocessing = 0;
		};
/* End PBXFrameworksBuildPhase section */

/* Begin PBXGroup section */
		ECED9EBF23FD8774001F7D36 /* Model */ = {
			isa = PBXGroup;
			children = (
				ECED9EC523FD95BD001F7D36 /* Player.swift */,
			);
			path = Model;
			sourceTree = "<group>";
		};
		ECED9EC023FD8786001F7D36 /* Controller */ = {
			isa = PBXGroup;
			children = (
				ECF8BA7423F4584800A2CBCF /* WelcomeVC.swift */,
				ECED9EC123FD8A1A001F7D36 /* LeagueVC.swift */,
				ECED9EC323FD8A25001F7D36 /* SkillVC.swift */,
			);
			path = Controller;
			sourceTree = "<group>";
		};
		ECF8BA6423F4584800A2CBCF = {
			isa = PBXGroup;
			children = (
				ECF8BA6F23F4584800A2CBCF /* app-swoosh */,
				ECF8BA8623F4584A00A2CBCF /* app-swooshTests */,
				ECF8BA9123F4584A00A2CBCF /* app-swooshUITests */,
				ECF8BA6E23F4584800A2CBCF /* Products */,
			);
			sourceTree = "<group>";
		};
		ECF8BA6E23F4584800A2CBCF /* Products */ = {
			isa = PBXGroup;
			children = (
				ECF8BA6D23F4584800A2CBCF /* app-swoosh.app */,
				ECF8BA8323F4584A00A2CBCF /* app-swooshTests.xctest */,
				ECF8BA8E23F4584A00A2CBCF /* app-swooshUITests.xctest */,
			);
			name = Products;
			sourceTree = "<group>";
		};
		ECF8BA6F23F4584800A2CBCF /* app-swoosh */ = {
			isa = PBXGroup;
			children = (
				ECED9EC023FD8786001F7D36 /* Controller */,
				ECED9EBF23FD8774001F7D36 /* Model */,
				ECF8BAA023F550E200A2CBCF /* Views */,
				ECF8BA7023F4584800A2CBCF /* AppDelegate.swift */,
				ECF8BA7223F4584800A2CBCF /* SceneDelegate.swift */,
				ECF8BA7623F4584800A2CBCF /* Main.storyboard */,
				ECF8BA7923F4584A00A2CBCF /* Assets.xcassets */,
				ECF8BA7B23F4584A00A2CBCF /* LaunchScreen.storyboard */,
				ECF8BA7E23F4584A00A2CBCF /* Info.plist */,
			);
			path = "app-swoosh";
			sourceTree = "<group>";
		};
		ECF8BA8623F4584A00A2CBCF /* app-swooshTests */ = {
			isa = PBXGroup;
			children = (
				ECF8BA8723F4584A00A2CBCF /* app_swooshTests.swift */,
				ECF8BA8923F4584A00A2CBCF /* Info.plist */,
			);
			path = "app-swooshTests";
			sourceTree = "<group>";
		};
		ECF8BA9123F4584A00A2CBCF /* app-swooshUITests */ = {
			isa = PBXGroup;
			children = (
				ECF8BA9223F4584A00A2CBCF /* app_swooshUITests.swift */,
				ECF8BA9423F4584A00A2CBCF /* Info.plist */,
			);
			path = "app-swooshUITests";
			sourceTree = "<group>";
		};
		ECF8BAA023F550E200A2CBCF /* Views */ = {
			isa = PBXGroup;
			children = (
				ECF8BAA123F5514700A2CBCF /* BorderButton.swift */,
			);
			path = Views;
			sourceTree = "<group>";
		};
/* End PBXGroup section */

/* Begin PBXNativeTarget section */
		ECF8BA6C23F4584800A2CBCF /* app-swoosh */ = {
			isa = PBXNativeTarget;
			buildConfigurationList = ECF8BA9723F4584A00A2CBCF /* Build configuration list for PBXNativeTarget "app-swoosh" */;
			buildPhases = (
				ECF8BA6923F4584800A2CBCF /* Sources */,
				ECF8BA6A23F4584800A2CBCF /* Frameworks */,
				ECF8BA6B23F4584800A2CBCF /* Resources */,
			);
			buildRules = (
			);
			dependencies = (
			);
			name = "app-swoosh";
			productName = "app-swoosh";
			productReference = ECF8BA6D23F4584800A2CBCF /* app-swoosh.app */;
			productType = "com.apple.product-type.application";
		};
		ECF8BA8223F4584A00A2CBCF /* app-swooshTests */ = {
			isa = PBXNativeTarget;
			buildConfigurationList = ECF8BA9A23F4584A00A2CBCF /* Build configuration list for PBXNativeTarget "app-swooshTests" */;
			buildPhases = (
				ECF8BA7F23F4584A00A2CBCF /* Sources */,
				ECF8BA8023F4584A00A2CBCF /* Frameworks */,
				ECF8BA8123F4584A00A2CBCF /* Resources */,
			);
			buildRules = (
			);
			dependencies = (
				ECF8BA8523F4584A00A2CBCF /* PBXTargetDependency */,
			);
			name = "app-swooshTests";
			productName = "app-swooshTests";
			productReference = ECF8BA8323F4584A00A2CBCF /* app-swooshTests.xctest */;
			productType = "com.apple.product-type.bundle.unit-test";
		};
		ECF8BA8D23F4584A00A2CBCF /* app-swooshUITests */ = {
			isa = PBXNativeTarget;
			buildConfigurationList = ECF8BA9D23F4584A00A2CBCF /* Build configuration list for PBXNativeTarget "app-swooshUITests" */;
			buildPhases = (
				ECF8BA8A23F4584A00A2CBCF /* Sources */,
				ECF8BA8B23F4584A00A2CBCF /* Frameworks */,
				ECF8BA8C23F4584A00A2CBCF /* Resources */,
			);
			buildRules = (
			);
			dependencies = (
				ECF8BA9023F4584A00A2CBCF /* PBXTargetDependency */,
			);
			name = "app-swooshUITests";
			productName = "app-swooshUITests";
			productReference = ECF8BA8E23F4584A00A2CBCF /* app-swooshUITests.xctest */;
			productType = "com.apple.product-type.bundle.ui-testing";
		};
/* End PBXNativeTarget section */

/* Begin PBXProject section */
		ECF8BA6523F4584800A2CBCF /* Project object */ = {
			isa = PBXProject;
			attributes = {
				LastSwiftUpdateCheck = 1130;
				LastUpgradeCheck = 1130;
				ORGANIZATIONNAME = "Alejandro Pardo";
				TargetAttributes = {
					ECF8BA6C23F4584800A2CBCF = {
						CreatedOnToolsVersion = 11.3.1;
					};
					ECF8BA8223F4584A00A2CBCF = {
						CreatedOnToolsVersion = 11.3.1;
						TestTargetID = ECF8BA6C23F4584800A2CBCF;
					};
					ECF8BA8D23F4584A00A2CBCF = {
						CreatedOnToolsVersion = 11.3.1;
						TestTargetID = ECF8BA6C23F4584800A2CBCF;
					};
				};
			};
			buildConfigurationList = ECF8BA6823F4584800A2CBCF /* Build configuration list for PBXProject "app-swoosh" */;
			compatibilityVersion = "Xcode 9.3";
			developmentRegion = en;
			hasScannedForEncodings = 0;
			knownRegions = (
				en,
				Base,
			);
			mainGroup = ECF8BA6423F4584800A2CBCF;
			productRefGroup = ECF8BA6E23F4584800A2CBCF /* Products */;
			projectDirPath = "";
			projectRoot = "";
			targets = (
				ECF8BA6C23F4584800A2CBCF /* app-swoosh */,
				ECF8BA8223F4584A00A2CBCF /* app-swooshTests */,
				ECF8BA8D23F4584A00A2CBCF /* app-swooshUITests */,
			);
		};
/* End PBXProject section */

/* Begin PBXResourcesBuildPhase section */
		ECF8BA6B23F4584800A2CBCF /* Resources */ = {
			isa = PBXResourcesBuildPhase;
			buildActionMask = 2147483647;
			files = (
				ECF8BA7D23F4584A00A2CBCF /* LaunchScreen.storyboard in Resources */,
				ECF8BA7A23F4584A00A2CBCF /* Assets.xcassets in Resources */,
				ECF8BA7823F4584800A2CBCF /* Main.storyboard in Resources */,
			);
			runOnlyForDeploymentPostprocessing = 0;
		};
		ECF8BA8123F4584A00A2CBCF /* Resources */ = {
			isa = PBXResourcesBuildPhase;
			buildActionMask = 2147483647;
			files = (
			);
			runOnlyForDeploymentPostprocessing = 0;
		};
		ECF8BA8C23F4584A00A2CBCF /* Resources */ = {
			isa = PBXResourcesBuildPhase;
			buildActionMask = 2147483647;
			files = (
			);
			runOnlyForDeploymentPostprocessing = 0;
		};
/* End PBXResourcesBuildPhase section */

/* Begin PBXSourcesBuildPhase section */
		ECF8BA6923F4584800A2CBCF /* Sources */ = {
			isa = PBXSourcesBuildPhase;
			buildActionMask = 2147483647;
			files = (
				ECED9EC223FD8A1A001F7D36 /* LeagueVC.swift in Sources */,
				ECF8BA7523F4584800A2CBCF /* WelcomeVC.swift in Sources */,
				ECF8BA7123F4584800A2CBCF /* AppDelegate.swift in Sources */,
				ECF8BA7323F4584800A2CBCF /* SceneDelegate.swift in Sources */,
				ECED9EC623FD95BD001F7D36 /* Player.swift in Sources */,
				ECED9EC423FD8A25001F7D36 /* SkillVC.swift in Sources */,
				ECF8BAA223F5514700A2CBCF /* BorderButton.swift in Sources */,
			);
			runOnlyForDeploymentPostprocessing = 0;
		};
		ECF8BA7F23F4584A00A2CBCF /* Sources */ = {
			isa = PBXSourcesBuildPhase;
			buildActionMask = 2147483647;
			files = (
				ECF8BA8823F4584A00A2CBCF /* app_swooshTests.swift in Sources */,
			);
			runOnlyForDeploymentPostprocessing = 0;
		};
		ECF8BA8A23F4584A00A2CBCF /* Sources */ = {
			isa = PBXSourcesBuildPhase;
			buildActionMask = 2147483647;
			files = (
				ECF8BA9323F4584A00A2CBCF /* app_swooshUITests.swift in Sources */,
			);
			runOnlyForDeploymentPostprocessing = 0;
		};
/* End PBXSourcesBuildPhase section */

/* Begin PBXTargetDependency section */
		ECF8BA8523F4584A00A2CBCF /* PBXTargetDependency */ = {
			isa = PBXTargetDependency;
			target = ECF8BA6C23F4584800A2CBCF /* app-swoosh */;
			targetProxy = ECF8BA8423F4584A00A2CBCF /* PBXContainerItemProxy */;
		};
		ECF8BA9023F4584A00A2CBCF /* PBXTargetDependency */ = {
			isa = PBXTargetDependency;
			target = ECF8BA6C23F4584800A2CBCF /* app-swoosh */;
			targetProxy = ECF8BA8F23F4584A00A2CBCF /* PBXContainerItemProxy */;
		};
/* End PBXTargetDependency section */

/* Begin PBXVariantGroup section */
		ECF8BA7623F4584800A2CBCF /* Main.storyboard */ = {
			isa = PBXVariantGroup;
			children = (
				ECF8BA7723F4584800A2CBCF /* Base */,
			);
			name = Main.storyboard;
			sourceTree = "<group>";
		};
		ECF8BA7B23F4584A00A2CBCF /* LaunchScreen.storyboard */ = {
			isa = PBXVariantGroup;
			children = (
				ECF8BA7C23F4584A00A2CBCF /* Base */,
			);
			name = LaunchScreen.storyboard;
			sourceTree = "<group>";
		};
/* End PBXVariantGroup section */

/* Begin XCBuildConfiguration section */
		ECF8BA9523F4584A00A2CBCF /* Debug */ = {
			isa = XCBuildConfiguration;
			buildSettings = {
				ALWAYS_SEARCH_USER_PATHS = NO;
				CLANG_ANALYZER_NONNULL = YES;
				CLANG_ANALYZER_NUMBER_OBJECT_CONVERSION = YES_AGGRESSIVE;
				CLANG_CXX_LANGUAGE_STANDARD = "gnu++14";
				CLANG_CXX_LIBRARY = "libc++";
				CLANG_ENABLE_MODULES = YES;
				CLANG_ENABLE_OBJC_ARC = YES;
				CLANG_ENABLE_OBJC_WEAK = YES;
				CLANG_WARN_BLOCK_CAPTURE_AUTORELEASING = YES;
				CLANG_WARN_BOOL_CONVERSION = YES;
				CLANG_WARN_COMMA = YES;
				CLANG_WARN_CONSTANT_CONVERSION = YES;
				CLANG_WARN_DEPRECATED_OBJC_IMPLEMENTATIONS = YES;
				CLANG_WARN_DIRECT_OBJC_ISA_USAGE = YES_ERROR;
				CLANG_WARN_DOCUMENTATION_COMMENTS = YES;
				CLANG_WARN_EMPTY_BODY = YES;
				CLANG_WARN_ENUM_CONVERSION = YES;
				CLANG_WARN_INFINITE_RECURSION = YES;
				CLANG_WARN_INT_CONVERSION = YES;
				CLANG_WARN_NON_LITERAL_NULL_CONVERSION = YES;
				CLANG_WARN_OBJC_IMPLICIT_RETAIN_SELF = YES;
				CLANG_WARN_OBJC_LITERAL_CONVERSION = YES;
				CLANG_WARN_OBJC_ROOT_CLASS = YES_ERROR;
				CLANG_WARN_RANGE_LOOP_ANALYSIS = YES;
				CLANG_WARN_STRICT_PROTOTYPES = YES;
				CLANG_WARN_SUSPICIOUS_MOVE = YES;
				CLANG_WARN_UNGUARDED_AVAILABILITY = YES_AGGRESSIVE;
				CLANG_WARN_UNREACHABLE_CODE = YES;
				CLANG_WARN__DUPLICATE_METHOD_MATCH = YES;
				COPY_PHASE_STRIP = NO;
				DEBUG_INFORMATION_FORMAT = dwarf;
				ENABLE_STRICT_OBJC_MSGSEND = YES;
				ENABLE_TESTABILITY = YES;
				GCC_C_LANGUAGE_STANDARD = gnu11;
				GCC_DYNAMIC_NO_PIC = NO;
				GCC_NO_COMMON_BLOCKS = YES;
				GCC_OPTIMIZATION_LEVEL = 0;
				GCC_PREPROCESSOR_DEFINITIONS = (
					"DEBUG=1",
					"$(inherited)",
				);
				GCC_WARN_64_TO_32_BIT_CONVERSION = YES;
				GCC_WARN_ABOUT_RETURN_TYPE = YES_ERROR;
				GCC_WARN_UNDECLARED_SELECTOR = YES;
				GCC_WARN_UNINITIALIZED_AUTOS = YES_AGGRESSIVE;
				GCC_WARN_UNUSED_FUNCTION = YES;
				GCC_WARN_UNUSED_VARIABLE = YES;
				IPHONEOS_DEPLOYMENT_TARGET = 13.2;
				MTL_ENABLE_DEBUG_INFO = INCLUDE_SOURCE;
				MTL_FAST_MATH = YES;
				ONLY_ACTIVE_ARCH = YES;
				SDKROOT = iphoneos;
				SWIFT_ACTIVE_COMPILATION_CONDITIONS = DEBUG;
				SWIFT_OPTIMIZATION_LEVEL = "-Onone";
			};
			name = Debug;
		};
		ECF8BA9623F4584A00A2CBCF /* Release */ = {
			isa = XCBuildConfiguration;
			buildSettings = {
				ALWAYS_SEARCH_USER_PATHS = NO;
				CLANG_ANALYZER_NONNULL = YES;
				CLANG_ANALYZER_NUMBER_OBJECT_CONVERSION = YES_AGGRESSIVE;
				CLANG_CXX_LANGUAGE_STANDARD = "gnu++14";
				CLANG_CXX_LIBRARY = "libc++";
				CLANG_ENABLE_MODULES = YES;
				CLANG_ENABLE_OBJC_ARC = YES;
				CLANG_ENABLE_OBJC_WEAK = YES;
				CLANG_WARN_BLOCK_CAPTURE_AUTORELEASING = YES;
				CLANG_WARN_BOOL_CONVERSION = YES;
				CLANG_WARN_COMMA = YES;
				CLANG_WARN_CONSTANT_CONVERSION = YES;
				CLANG_WARN_DEPRECATED_OBJC_IMPLEMENTATIONS = YES;
				CLANG_WARN_DIRECT_OBJC_ISA_USAGE = YES_ERROR;
				CLANG_WARN_DOCUMENTATION_COMMENTS = YES;
				CLANG_WARN_EMPTY_BODY = YES;
				CLANG_WARN_ENUM_CONVERSION = YES;
				CLANG_WARN_INFINITE_RECURSION = YES;
				CLANG_WARN_INT_CONVERSION = YES;
				CLANG_WARN_NON_LITERAL_NULL_CONVERSION = YES;
				CLANG_WARN_OBJC_IMPLICIT_RETAIN_SELF = YES;
				CLANG_WARN_OBJC_LITERAL_CONVERSION = YES;
				CLANG_WARN_OBJC_ROOT_CLASS = YES_ERROR;
				CLANG_WARN_RANGE_LOOP_ANALYSIS = YES;
				CLANG_WARN_STRICT_PROTOTYPES = YES;
				CLANG_WARN_SUSPICIOUS_MOVE = YES;
				CLANG_WARN_UNGUARDED_AVAILABILITY = YES_AGGRESSIVE;
				CLANG_WARN_UNREACHABLE_CODE = YES;
				CLANG_WARN__DUPLICATE_METHOD_MATCH = YES;
				COPY_PHASE_STRIP = NO;
				DEBUG_INFORMATION_FORMAT = "dwarf-with-dsym";
				ENABLE_NS_ASSERTIONS = NO;
				ENABLE_STRICT_OBJC_MSGSEND = YES;
				GCC_C_LANGUAGE_STANDARD = gnu11;
				GCC_NO_COMMON_BLOCKS = YES;
				GCC_WARN_64_TO_32_BIT_CONVERSION = YES;
				GCC_WARN_ABOUT_RETURN_TYPE = YES_ERROR;
				GCC_WARN_UNDECLARED_SELECTOR = YES;
				GCC_WARN_UNINITIALIZED_AUTOS = YES_AGGRESSIVE;
				GCC_WARN_UNUSED_FUNCTION = YES;
				GCC_WARN_UNUSED_VARIABLE = YES;
				IPHONEOS_DEPLOYMENT_TARGET = 13.2;
				MTL_ENABLE_DEBUG_INFO = NO;
				MTL_FAST_MATH = YES;
				SDKROOT = iphoneos;
				SWIFT_COMPILATION_MODE = wholemodule;
				SWIFT_OPTIMIZATION_LEVEL = "-O";
				VALIDATE_PRODUCT = YES;
			};
			name = Release;
		};
		ECF8BA9823F4584A00A2CBCF /* Debug */ = {
			isa = XCBuildConfiguration;
			buildSettings = {
				ASSETCATALOG_COMPILER_APPICON_NAME = AppIcon;
				CODE_SIGN_STYLE = Automatic;
				INFOPLIST_FILE = "app-swoosh/Info.plist";
				LD_RUNPATH_SEARCH_PATHS = (
					"$(inherited)",
					"@executable_path/Frameworks",
				);
				PRODUCT_BUNDLE_IDENTIFIER = "dev.alejandropardo.app-swoosh";
				PRODUCT_NAME = "$(TARGET_NAME)";
				SWIFT_VERSION = 5.0;
				TARGETED_DEVICE_FAMILY = "1,2";
			};
			name = Debug;
		};
		ECF8BA9923F4584A00A2CBCF /* Release */ = {
			isa = XCBuildConfiguration;
			buildSettings = {
				ASSETCATALOG_COMPILER_APPICON_NAME = AppIcon;
				CODE_SIGN_STYLE = Automatic;
				INFOPLIST_FILE = "app-swoosh/Info.plist";
				LD_RUNPATH_SEARCH_PATHS = (
					"$(inherited)",
					"@executable_path/Frameworks",
				);
				PRODUCT_BUNDLE_IDENTIFIER = "dev.alejandropardo.app-swoosh";
				PRODUCT_NAME = "$(TARGET_NAME)";
				SWIFT_VERSION = 5.0;
				TARGETED_DEVICE_FAMILY = "1,2";
			};
			name = Release;
		};
		ECF8BA9B23F4584A00A2CBCF /* Debug */ = {
			isa = XCBuildConfiguration;
			buildSettings = {
				ALWAYS_EMBED_SWIFT_STANDARD_LIBRARIES = YES;
				BUNDLE_LOADER = "$(TEST_HOST)";
				CODE_SIGN_STYLE = Automatic;
				INFOPLIST_FILE = "app-swooshTests/Info.plist";
				IPHONEOS_DEPLOYMENT_TARGET = 13.2;
				LD_RUNPATH_SEARCH_PATHS = (
					"$(inherited)",
					"@executable_path/Frameworks",
					"@loader_path/Frameworks",
				);
				PRODUCT_BUNDLE_IDENTIFIER = "dev.alejandropardo.app-swooshTests";
				PRODUCT_NAME = "$(TARGET_NAME)";
				SWIFT_VERSION = 5.0;
				TARGETED_DEVICE_FAMILY = "1,2";
				TEST_HOST = "$(BUILT_PRODUCTS_DIR)/app-swoosh.app/app-swoosh";
			};
			name = Debug;
		};
		ECF8BA9C23F4584A00A2CBCF /* Release */ = {
			isa = XCBuildConfiguration;
			buildSettings = {
				ALWAYS_EMBED_SWIFT_STANDARD_LIBRARIES = YES;
				BUNDLE_LOADER = "$(TEST_HOST)";
				CODE_SIGN_STYLE = Automatic;
				INFOPLIST_FILE = "app-swooshTests/Info.plist";
				IPHONEOS_DEPLOYMENT_TARGET = 13.2;
				LD_RUNPATH_SEARCH_PATHS = (
					"$(inherited)",
					"@executable_path/Frameworks",
					"@loader_path/Frameworks",
				);
				PRODUCT_BUNDLE_IDENTIFIER = "dev.alejandropardo.app-swooshTests";
				PRODUCT_NAME = "$(TARGET_NAME)";
				SWIFT_VERSION = 5.0;
				TARGETED_DEVICE_FAMILY = "1,2";
				TEST_HOST = "$(BUILT_PRODUCTS_DIR)/app-swoosh.app/app-swoosh";
			};
			name = Release;
		};
		ECF8BA9E23F4584A00A2CBCF /* Debug */ = {
			isa = XCBuildConfiguration;
			buildSettings = {
				ALWAYS_EMBED_SWIFT_STANDARD_LIBRARIES = YES;
				CODE_SIGN_STYLE = Automatic;
				INFOPLIST_FILE = "app-swooshUITests/Info.plist";
				LD_RUNPATH_SEARCH_PATHS = (
					"$(inherited)",
					"@executable_path/Frameworks",
					"@loader_path/Frameworks",
				);
				PRODUCT_BUNDLE_IDENTIFIER = "dev.alejandropardo.app-swooshUITests";
				PRODUCT_NAME = "$(TARGET_NAME)";
				SWIFT_VERSION = 5.0;
				TARGETED_DEVICE_FAMILY = "1,2";
				TEST_TARGET_NAME = "app-swoosh";
			};
			name = Debug;
		};
		ECF8BA9F23F4584A00A2CBCF /* Release */ = {
			isa = XCBuildConfiguration;
			buildSettings = {
				ALWAYS_EMBED_SWIFT_STANDARD_LIBRARIES = YES;
				CODE_SIGN_STYLE = Automatic;
				INFOPLIST_FILE = "app-swooshUITests/Info.plist";
				LD_RUNPATH_SEARCH_PATHS = (
					"$(inherited)",
					"@executable_path/Frameworks",
					"@loader_path/Frameworks",
				);
				PRODUCT_BUNDLE_IDENTIFIER = "dev.alejandropardo.app-swooshUITests";
				PRODUCT_NAME = "$(TARGET_NAME)";
				SWIFT_VERSION = 5.0;
				TARGETED_DEVICE_FAMILY = "1,2";
				TEST_TARGET_NAME = "app-swoosh";
			};
			name = Release;
		};
/* End XCBuildConfiguration section */

/* Begin XCConfigurationList section */
		ECF8BA6823F4584800A2CBCF /* Build configuration list for PBXProject "app-swoosh" */ = {
			isa = XCConfigurationList;
			buildConfigurations = (
				ECF8BA9523F4584A00A2CBCF /* Debug */,
				ECF8BA9623F4584A00A2CBCF /* Release */,
			);
			defaultConfigurationIsVisible = 0;
			defaultConfigurationName = Release;
		};
		ECF8BA9723F4584A00A2CBCF /* Build configuration list for PBXNativeTarget "app-swoosh" */ = {
			isa = XCConfigurationList;
			buildConfigurations = (
				ECF8BA9823F4584A00A2CBCF /* Debug */,
				ECF8BA9923F4584A00A2CBCF /* Release */,
			);
			defaultConfigurationIsVisible = 0;
			defaultConfigurationName = Release;
		};
		ECF8BA9A23F4584A00A2CBCF /* Build configuration list for PBXNativeTarget "app-swooshTests" */ = {
			isa = XCConfigurationList;
			buildConfigurations = (
				ECF8BA9B23F4584A00A2CBCF /* Debug */,
				ECF8BA9C23F4584A00A2CBCF /* Release */,
			);
			defaultConfigurationIsVisible = 0;
			defaultConfigurationName = Release;
		};
		ECF8BA9D23F4584A00A2CBCF /* Build configuration list for PBXNativeTarget "app-swooshUITests" */ = {
			isa = XCConfigurationList;
			buildConfigurations = (
				ECF8BA9E23F4584A00A2CBCF /* Debug */,
				ECF8BA9F23F4584A00A2CBCF /* Release */,
			);
			defaultConfigurationIsVisible = 0;
			defaultConfigurationName = Release;
		};
/* End XCConfigurationList section */
	};
	rootObject = ECF8BA6523F4584800A2CBCF /* Project object */;
}
